
Microsoft Visual Studio Solution File, Format Version 12.00
# Visual Studio Version 16
VisualStudioVersion = 16.0.29306.81
MinimumVisualStudioVersion = 10.0.40219.1
Project("{FAE04EC0-301F-11D3-BF4B-00C04F79EFBC}") = "TechnicalTask", "TechnicalTask\TechnicalTask.csproj", "{3F2E7230-5510-4C1D-91B7-B323A0BAE6AF}"
EndProject
Global
	GlobalSection(SolutionConfigurationPlatforms) = preSolution
		Debug|Any CPU = Debug|Any CPU
		Release|Any CPU = Release|Any CPU
	EndGlobalSection
	GlobalSection(ProjectConfigurationPlatforms) = postSolution
		{3F2E7230-5510-4C1D-91B7-B323A0BAE6AF}.Debug|Any CPU.ActiveCfg = Debug|Any CPU
		{3F2E7230-5510-4C1D-91B7-B323A0BAE6AF}.Debug|Any CPU.Build.0 = Debug|Any CPU
		{3F2E7230-5510-4C1D-91B7-B323A0BAE6AF}.Release|Any CPU.ActiveCfg = Release|Any CPU
		{3F2E7230-5510-4C1D-91B7-B323A0BAE6AF}.Release|Any CPU.Build.0 = Release|Any CPU
	EndGlobalSection
	GlobalSection(SolutionProperties) = preSolution
		HideSolutionNode = FALSE
	EndGlobalSection
	GlobalSection(ExtensibilityGlobals) = postSolution
		SolutionGuid = {7E9350F9-F0F6-4BD4-9ADA-4A6ADDE0EAA1}
	EndGlobalSection
EndGlobal
